
Microsoft Visual Studio Solution File, Format Version 12.00
# Visual Studio Version 16
VisualStudioVersion = 16.0.30804.86
MinimumVisualStudioVersion = 10.0.40219.1
Project("{FAE04EC0-301F-11D3-BF4B-00C04F79EFBC}") = "AlgoVisualizer", "AlgoVisualizer\AlgoVisualizer.csproj", "{B0F30347-60B2-4A8D-BEF4-0C8F1891E852}"
EndProject
Global
	GlobalSection(SolutionConfigurationPlatforms) = preSolution
		Debug|Any CPU = Debug|Any CPU
		Release|Any CPU = Release|Any CPU
	EndGlobalSection
	GlobalSection(ProjectConfigurationPlatforms) = postSolution
		{B0F30347-60B2-4A8D-BEF4-0C8F1891E852}.Debug|Any CPU.ActiveCfg = Debug|Any CPU
		{B0F30347-60B2-4A8D-BEF4-0C8F1891E852}.Debug|Any CPU.Build.0 = Debug|Any CPU
		{B0F30347-60B2-4A8D-BEF4-0C8F1891E852}.Release|Any CPU.ActiveCfg = Release|Any CPU
		{B0F30347-60B2-4A8D-BEF4-0C8F1891E852}.Release|Any CPU.Build.0 = Release|Any CPU
	EndGlobalSection
	GlobalSection(SolutionProperties) = preSolution
		HideSolutionNode = FALSE
	EndGlobalSection
	GlobalSection(ExtensibilityGlobals) = postSolution
		SolutionGuid = {A298A8BF-3FD8-49BD-9647-A53FA43E01F4}
	EndGlobalSection
EndGlobal
